// !$*UTF8*$!
{
	archiveVersion = 1;
	classes = {
	};
	objectVersion = 56;
	objects = {

/* Begin PBXBuildFile section */
		487663B92BBA0F2E00EA0EC6 /* AppDelegate.swift in Sources */ = {isa = PBXBuildFile; fileRef = 487663B82BBA0F2E00EA0EC6 /* AppDelegate.swift */; };
		487663BB2BBA0F2E00EA0EC6 /* SceneDelegate.swift in Sources */ = {isa = PBXBuildFile; fileRef = 487663BA2BBA0F2E00EA0EC6 /* SceneDelegate.swift */; };
		487663BD2BBA0F2E00EA0EC6 /*  .swift in Sources */ = {isa = PBXBuildFile; fileRef = 487663BC2BBA0F2E00EA0EC6 /*  .swift */; };
		487663C02BBA0F2E00EA0EC6 /* Base in Resources */ = {isa = PBXBuildFile; fileRef = 487663BF2BBA0F2E00EA0EC6 /* Base */; };
		487663C22BBA0F2F00EA0EC6 /* Assets.xcassets in Resources */ = {isa = PBXBuildFile; fileRef = 487663C12BBA0F2F00EA0EC6 /* Assets.xcassets */; };
		487663C52BBA0F2F00EA0EC6 /* Base in Resources */ = {isa = PBXBuildFile; fileRef = 487663C42BBA0F2F00EA0EC6 /* Base */; };
		487663D02BBA0F3000EA0EC6 /* TicTacToeTests.swift in Sources */ = {isa = PBXBuildFile; fileRef = 487663CF2BBA0F3000EA0EC6 /* TicTacToeTests.swift */; };
		487663DA2BBA0F3000EA0EC6 /* TicTacToeUITests.swift in Sources */ = {isa = PBXBuildFile; fileRef = 487663D92BBA0F3000EA0EC6 /* TicTacToeUITests.swift */; };
		487663DC2BBA0F3000EA0EC6 /* TicTacToeUITestsLaunchTests.swift in Sources */ = {isa = PBXBuildFile; fileRef = 487663DB2BBA0F3000EA0EC6 /* TicTacToeUITestsLaunchTests.swift */; };
/* End PBXBuildFile section */

/* Begin PBXContainerItemProxy section */
		487663CC2BBA0F2F00EA0EC6 /* PBXContainerItemProxy */ = {
			isa = PBXContainerItemProxy;
			containerPortal = 487663AD2BBA0F2E00EA0EC6 /* Project object */;
			proxyType = 1;
			remoteGlobalIDString = 487663B42BBA0F2E00EA0EC6;
			remoteInfo = TicTacToe;
		};
		487663D62BBA0F3000EA0EC6 /* PBXContainerItemProxy */ = {
			isa = PBXContainerItemProxy;
			containerPortal = 487663AD2BBA0F2E00EA0EC6 /* Project object */;
			proxyType = 1;
			remoteGlobalIDString = 487663B42BBA0F2E00EA0EC6;
			remoteInfo = TicTacToe;
		};
/* End PBXContainerItemProxy section */

/* Begin PBXFileReference section */
		487663B52BBA0F2E00EA0EC6 /* TicTacToe.app */ = {isa = PBXFileReference; explicitFileType = wrapper.application; includeInIndex = 0; path = TicTacToe.app; sourceTree = BUILT_PRODUCTS_DIR; };
		487663B82BBA0F2E00EA0EC6 /* AppDelegate.swift */ = {isa = PBXFileReference; lastKnownFileType = sourcecode.swift; path = AppDelegate.swift; sourceTree = "<group>"; };
		487663BA2BBA0F2E00EA0EC6 /* SceneDelegate.swift */ = {isa = PBXFileReference; lastKnownFileType = sourcecode.swift; path = SceneDelegate.swift; sourceTree = "<group>"; };
		487663BC2BBA0F2E00EA0EC6 /*  .swift */ = {isa = PBXFileReference; lastKnownFileType = sourcecode.swift; path = " .swift"; sourceTree = "<group>"; };
		487663BF2BBA0F2E00EA0EC6 /* Base */ = {isa = PBXFileReference; lastKnownFileType = file.storyboard; name = Base; path = Base.lproj/Main.storyboard; sourceTree = "<group>"; };
		487663C12BBA0F2F00EA0EC6 /* Assets.xcassets */ = {isa = PBXFileReference; lastKnownFileType = folder.assetcatalog; path = Assets.xcassets; sourceTree = "<group>"; };
		487663C42BBA0F2F00EA0EC6 /* Base */ = {isa = PBXFileReference; lastKnownFileType = file.storyboard; name = Base; path = Base.lproj/LaunchScreen.storyboard; sourceTree = "<group>"; };
		487663C62BBA0F2F00EA0EC6 /* Info.plist */ = {isa = PBXFileReference; lastKnownFileType = text.plist.xml; path = Info.plist; sourceTree = "<group>"; };
		487663CB2BBA0F2F00EA0EC6 /* TicTacToeTests.xctest */ = {isa = PBXFileReference; explicitFileType = wrapper.cfbundle; includeInIndex = 0; path = TicTacToeTests.xctest; sourceTree = BUILT_PRODUCTS_DIR; };
		487663CF2BBA0F3000EA0EC6 /* TicTacToeTests.swift */ = {isa = PBXFileReference; lastKnownFileType = sourcecode.swift; path = TicTacToeTests.swift; sourceTree = "<group>"; };
		487663D52BBA0F3000EA0EC6 /* TicTacToeUITests.xctest */ = {isa = PBXFileReference; explicitFileType = wrapper.cfbundle; includeInIndex = 0; path = TicTacToeUITests.xctest; sourceTree = BUILT_PRODUCTS_DIR; };
		487663D92BBA0F3000EA0EC6 /* TicTacToeUITests.swift */ = {isa = PBXFileReference; lastKnownFileType = sourcecode.swift; path = TicTacToeUITests.swift; sourceTree = "<group>"; };
		487663DB2BBA0F3000EA0EC6 /* TicTacToeUITestsLaunchTests.swift */ = {isa = PBXFileReference; lastKnownFileType = sourcecode.swift; path = TicTacToeUITestsLaunchTests.swift; sourceTree = "<group>"; };
/* End PBXFileReference section */

/* Begin PBXFrameworksBuildPhase section */
		487663B22BBA0F2E00EA0EC6 /* Frameworks */ = {
			isa = PBXFrameworksBuildPhase;
			buildActionMask = 2147483647;
			files = (
			);
			runOnlyForDeploymentPostprocessing = 0;
		};
		487663C82BBA0F2F00EA0EC6 /* Frameworks */ = {
			isa = PBXFrameworksBuildPhase;
			buildActionMask = 2147483647;
			files = (
			);
			runOnlyForDeploymentPostprocessing = 0;
		};
		487663D22BBA0F3000EA0EC6 /* Frameworks */ = {
			isa = PBXFrameworksBuildPhase;
			buildActionMask = 2147483647;
			files = (
			);
			runOnlyForDeploymentPostprocessing = 0;
		};
/* End PBXFrameworksBuildPhase section */

/* Begin PBXGroup section */
		487663AC2BBA0F2E00EA0EC6 = {
			isa = PBXGroup;
			children = (
				487663B72BBA0F2E00EA0EC6 /* TicTacToe */,
				487663CE2BBA0F2F00EA0EC6 /* TicTacToeTests */,
				487663D82BBA0F3000EA0EC6 /* TicTacToeUITests */,
				487663B62BBA0F2E00EA0EC6 /* Products */,
			);
			sourceTree = "<group>";
		};
		487663B62BBA0F2E00EA0EC6 /* Products */ = {
			isa = PBXGroup;
			children = (
				487663B52BBA0F2E00EA0EC6 /* TicTacToe.app */,
				487663CB2BBA0F2F00EA0EC6 /* TicTacToeTests.xctest */,
				487663D52BBA0F3000EA0EC6 /* TicTacToeUITests.xctest */,
			);
			name = Products;
			sourceTree = "<group>";
		};
		487663B72BBA0F2E00EA0EC6 /* TicTacToe */ = {
			isa = PBXGroup;
			children = (
				487663B82BBA0F2E00EA0EC6 /* AppDelegate.swift */,
				487663BA2BBA0F2E00EA0EC6 /* SceneDelegate.swift */,
				487663BC2BBA0F2E00EA0EC6 /*  .swift */,
				487663BE2BBA0F2E00EA0EC6 /* Main.storyboard */,
				487663C12BBA0F2F00EA0EC6 /* Assets.xcassets */,
				487663C32BBA0F2F00EA0EC6 /* LaunchScreen.storyboard */,
				487663C62BBA0F2F00EA0EC6 /* Info.plist */,
			);
			path = TicTacToe;
			sourceTree = "<group>";
		};
		487663CE2BBA0F2F00EA0EC6 /* TicTacToeTests */ = {
			isa = PBXGroup;
			children = (
				487663CF2BBA0F3000EA0EC6 /* TicTacToeTests.swift */,
			);
			path = TicTacToeTests;
			sourceTree = "<group>";
		};
		487663D82BBA0F3000EA0EC6 /* TicTacToeUITests */ = {
			isa = PBXGroup;
			children = (
				487663D92BBA0F3000EA0EC6 /* TicTacToeUITests.swift */,
				487663DB2BBA0F3000EA0EC6 /* TicTacToeUITestsLaunchTests.swift */,
			);
			path = TicTacToeUITests;
			sourceTree = "<group>";
		};
/* End PBXGroup section */

/* Begin PBXNativeTarget section */
		487663B42BBA0F2E00EA0EC6 /* TicTacToe */ = {
			isa = PBXNativeTarget;
			buildConfigurationList = 487663DF2BBA0F3000EA0EC6 /* Build configuration list for PBXNativeTarget "TicTacToe" */;
			buildPhases = (
				487663B12BBA0F2E00EA0EC6 /* Sources */,
				487663B22BBA0F2E00EA0EC6 /* Frameworks */,
				487663B32BBA0F2E00EA0EC6 /* Resources */,
			);
			buildRules = (
			);
			dependencies = (
			);
			name = TicTacToe;
			productName = TicTacToe;
			productReference = 487663B52BBA0F2E00EA0EC6 /* TicTacToe.app */;
			productType = "com.apple.product-type.application";
		};
		487663CA2BBA0F2F00EA0EC6 /* TicTacToeTests */ = {
			isa = PBXNativeTarget;
			buildConfigurationList = 487663E22BBA0F3000EA0EC6 /* Build configuration list for PBXNativeTarget "TicTacToeTests" */;
			buildPhases = (
				487663C72BBA0F2F00EA0EC6 /* Sources */,
				487663C82BBA0F2F00EA0EC6 /* Frameworks */,
				487663C92BBA0F2F00EA0EC6 /* Resources */,
			);
			buildRules = (
			);
			dependencies = (
				487663CD2BBA0F2F00EA0EC6 /* PBXTargetDependency */,
			);
			name = TicTacToeTests;
			productName = TicTacToeTests;
			productReference = 487663CB2BBA0F2F00EA0EC6 /* TicTacToeTests.xctest */;
			productType = "com.apple.product-type.bundle.unit-test";
		};
		487663D42BBA0F3000EA0EC6 /* TicTacToeUITests */ = {
			isa = PBXNativeTarget;
			buildConfigurationList = 487663E52BBA0F3000EA0EC6 /* Build configuration list for PBXNativeTarget "TicTacToeUITests" */;
			buildPhases = (
				487663D12BBA0F3000EA0EC6 /* Sources */,
				487663D22BBA0F3000EA0EC6 /* Frameworks */,
				487663D32BBA0F3000EA0EC6 /* Resources */,
			);
			buildRules = (
			);
			dependencies = (
				487663D72BBA0F3000EA0EC6 /* PBXTargetDependency */,
			);
			name = TicTacToeUITests;
			productName = TicTacToeUITests;
			productReference = 487663D52BBA0F3000EA0EC6 /* TicTacToeUITests.xctest */;
			productType = "com.apple.product-type.bundle.ui-testing";
		};
/* End PBXNativeTarget section */

/* Begin PBXProject section */
		487663AD2BBA0F2E00EA0EC6 /* Project object */ = {
			isa = PBXProject;
			attributes = {
				BuildIndependentTargetsInParallel = 1;
				LastSwiftUpdateCheck = 1530;
				LastUpgradeCheck = 1530;
				TargetAttributes = {
					487663B42BBA0F2E00EA0EC6 = {
						CreatedOnToolsVersion = 15.3;
					};
					487663CA2BBA0F2F00EA0EC6 = {
						CreatedOnToolsVersion = 15.3;
						TestTargetID = 487663B42BBA0F2E00EA0EC6;
					};
					487663D42BBA0F3000EA0EC6 = {
						CreatedOnToolsVersion = 15.3;
						TestTargetID = 487663B42BBA0F2E00EA0EC6;
					};
				};
			};
			buildConfigurationList = 487663B02BBA0F2E00EA0EC6 /* Build configuration list for PBXProject "TicTacToe" */;
			compatibilityVersion = "Xcode 14.0";
			developmentRegion = en;
			hasScannedForEncodings = 0;
			knownRegions = (
				en,
				Base,
			);
			mainGroup = 487663AC2BBA0F2E00EA0EC6;
			productRefGroup = 487663B62BBA0F2E00EA0EC6 /* Products */;
			projectDirPath = "";
			projectRoot = "";
			targets = (
				487663B42BBA0F2E00EA0EC6 /* TicTacToe */,
				487663CA2BBA0F2F00EA0EC6 /* TicTacToeTests */,
				487663D42BBA0F3000EA0EC6 /* TicTacToeUITests */,
			);
		};
/* End PBXProject section */

/* Begin PBXResourcesBuildPhase section */
		487663B32BBA0F2E00EA0EC6 /* Resources */ = {
			isa = PBXResourcesBuildPhase;
			buildActionMask = 2147483647;
			files = (
				487663C22BBA0F2F00EA0EC6 /* Assets.xcassets in Resources */,
				487663C52BBA0F2F00EA0EC6 /* Base in Resources */,
				487663C02BBA0F2E00EA0EC6 /* Base in Resources */,
			);
			runOnlyForDeploymentPostprocessing = 0;
		};
		487663C92BBA0F2F00EA0EC6 /* Resources */ = {
			isa = PBXResourcesBuildPhase;
			buildActionMask = 2147483647;
			files = (
			);
			runOnlyForDeploymentPostprocessing = 0;
		};
		487663D32BBA0F3000EA0EC6 /* Resources */ = {
			isa = PBXResourcesBuildPhase;
			buildActionMask = 2147483647;
			files = (
			);
			runOnlyForDeploymentPostprocessing = 0;
		};
/* End PBXResourcesBuildPhase section */

/* Begin PBXSourcesBuildPhase section */
		487663B12BBA0F2E00EA0EC6 /* Sources */ = {
			isa = PBXSourcesBuildPhase;
			buildActionMask = 2147483647;
			files = (
				487663BD2BBA0F2E00EA0EC6 /*  .swift in Sources */,
				487663B92BBA0F2E00EA0EC6 /* AppDelegate.swift in Sources */,
				487663BB2BBA0F2E00EA0EC6 /* SceneDelegate.swift in Sources */,
			);
			runOnlyForDeploymentPostprocessing = 0;
		};
		487663C72BBA0F2F00EA0EC6 /* Sources */ = {
			isa = PBXSourcesBuildPhase;
			buildActionMask = 2147483647;
			files = (
				487663D02BBA0F3000EA0EC6 /* TicTacToeTests.swift in Sources */,
			);
			runOnlyForDeploymentPostprocessing = 0;
		};
		487663D12BBA0F3000EA0EC6 /* Sources */ = {
			isa = PBXSourcesBuildPhase;
			buildActionMask = 2147483647;
			files = (
				487663DA2BBA0F3000EA0EC6 /* TicTacToeUITests.swift in Sources */,
				487663DC2BBA0F3000EA0EC6 /* TicTacToeUITestsLaunchTests.swift in Sources */,
			);
			runOnlyForDeploymentPostprocessing = 0;
		};
/* End PBXSourcesBuildPhase section */

/* Begin PBXTargetDependency section */
		487663CD2BBA0F2F00EA0EC6 /* PBXTargetDependency */ = {
			isa = PBXTargetDependency;
			target = 487663B42BBA0F2E00EA0EC6 /* TicTacToe */;
			targetProxy = 487663CC2BBA0F2F00EA0EC6 /* PBXContainerItemProxy */;
		};
		487663D72BBA0F3000EA0EC6 /* PBXTargetDependency */ = {
			isa = PBXTargetDependency;
			target = 487663B42BBA0F2E00EA0EC6 /* TicTacToe */;
			targetProxy = 487663D62BBA0F3000EA0EC6 /* PBXContainerItemProxy */;
		};
/* End PBXTargetDependency section */

/* Begin PBXVariantGroup section */
		487663BE2BBA0F2E00EA0EC6 /* Main.storyboard */ = {
			isa = PBXVariantGroup;
			children = (
				487663BF2BBA0F2E00EA0EC6 /* Base */,
			);
			name = Main.storyboard;
			sourceTree = "<group>";
		};
		487663C32BBA0F2F00EA0EC6 /* LaunchScreen.storyboard */ = {
			isa = PBXVariantGroup;
			children = (
				487663C42BBA0F2F00EA0EC6 /* Base */,
			);
			name = LaunchScreen.storyboard;
			sourceTree = "<group>";
		};
/* End PBXVariantGroup section */

/* Begin XCBuildConfiguration section */
		487663DD2BBA0F3000EA0EC6 /* Debug */ = {
			isa = XCBuildConfiguration;
			buildSettings = {
				ALWAYS_SEARCH_USER_PATHS = NO;
				ASSETCATALOG_COMPILER_GENERATE_SWIFT_ASSET_SYMBOL_EXTENSIONS = YES;
				CLANG_ANALYZER_NONNULL = YES;
				CLANG_ANALYZER_NUMBER_OBJECT_CONVERSION = YES_AGGRESSIVE;
				CLANG_CXX_LANGUAGE_STANDARD = "gnu++20";
				CLANG_ENABLE_MODULES = YES;
				CLANG_ENABLE_OBJC_ARC = YES;
				CLANG_ENABLE_OBJC_WEAK = YES;
				CLANG_WARN_BLOCK_CAPTURE_AUTORELEASING = YES;
				CLANG_WARN_BOOL_CONVERSION = YES;
				CLANG_WARN_COMMA = YES;
				CLANG_WARN_CONSTANT_CONVERSION = YES;
				CLANG_WARN_DEPRECATED_OBJC_IMPLEMENTATIONS = YES;
				CLANG_WARN_DIRECT_OBJC_ISA_USAGE = YES_ERROR;
				CLANG_WARN_DOCUMENTATION_COMMENTS = YES;
				CLANG_WARN_EMPTY_BODY = YES;
				CLANG_WARN_ENUM_CONVERSION = YES;
				CLANG_WARN_INFINITE_RECURSION = YES;
				CLANG_WARN_INT_CONVERSION = YES;
				CLANG_WARN_NON_LITERAL_NULL_CONVERSION = YES;
				CLANG_WARN_OBJC_IMPLICIT_RETAIN_SELF = YES;
				CLANG_WARN_OBJC_LITERAL_CONVERSION = YES;
				CLANG_WARN_OBJC_ROOT_CLASS = YES_ERROR;
				CLANG_WARN_QUOTED_INCLUDE_IN_FRAMEWORK_HEADER = YES;
				CLANG_WARN_RANGE_LOOP_ANALYSIS = YES;
				CLANG_WARN_STRICT_PROTOTYPES = YES;
				CLANG_WARN_SUSPICIOUS_MOVE = YES;
				CLANG_WARN_UNGUARDED_AVAILABILITY = YES_AGGRESSIVE;
				CLANG_WARN_UNREACHABLE_CODE = YES;
				CLANG_WARN__DUPLICATE_METHOD_MATCH = YES;
				COPY_PHASE_STRIP = NO;
				DEBUG_INFORMATION_FORMAT = dwarf;
				ENABLE_STRICT_OBJC_MSGSEND = YES;
				ENABLE_TESTABILITY = YES;
				ENABLE_USER_SCRIPT_SANDBOXING = YES;
				GCC_C_LANGUAGE_STANDARD = gnu17;
				GCC_DYNAMIC_NO_PIC = NO;
				GCC_NO_COMMON_BLOCKS = YES;
				GCC_OPTIMIZATION_LEVEL = 0;
				GCC_PREPROCESSOR_DEFINITIONS = (
					"DEBUG=1",
					"$(inherited)",
				);
				GCC_WARN_64_TO_32_BIT_CONVERSION = YES;
				GCC_WARN_ABOUT_RETURN_TYPE = YES_ERROR;
				GCC_WARN_UNDECLARED_SELECTOR = YES;
				GCC_WARN_UNINITIALIZED_AUTOS = YES_AGGRESSIVE;
				GCC_WARN_UNUSED_FUNCTION = YES;
				GCC_WARN_UNUSED_VARIABLE = YES;
				IPHONEOS_DEPLOYMENT_TARGET = 17.4;
				LOCALIZATION_PREFERS_STRING_CATALOGS = YES;
				MTL_ENABLE_DEBUG_INFO = INCLUDE_SOURCE;
				MTL_FAST_MATH = YES;
				ONLY_ACTIVE_ARCH = YES;
				SDKROOT = iphoneos;
				SWIFT_ACTIVE_COMPILATION_CONDITIONS = "DEBUG $(inherited)";
				SWIFT_OPTIMIZATION_LEVEL = "-Onone";
			};
			name = Debug;
		};
		487663DE2BBA0F3000EA0EC6 /* Release */ = {
			isa = XCBuildConfiguration;
			buildSettings = {
				ALWAYS_SEARCH_USER_PATHS = NO;
				ASSETCATALOG_COMPILER_GENERATE_SWIFT_ASSET_SYMBOL_EXTENSIONS = YES;
				CLANG_ANALYZER_NONNULL = YES;
				CLANG_ANALYZER_NUMBER_OBJECT_CONVERSION = YES_AGGRESSIVE;
				CLANG_CXX_LANGUAGE_STANDARD = "gnu++20";
				CLANG_ENABLE_MODULES = YES;
				CLANG_ENABLE_OBJC_ARC = YES;
				CLANG_ENABLE_OBJC_WEAK = YES;
				CLANG_WARN_BLOCK_CAPTURE_AUTORELEASING = YES;
				CLANG_WARN_BOOL_CONVERSION = YES;
				CLANG_WARN_COMMA = YES;
				CLANG_WARN_CONSTANT_CONVERSION = YES;
				CLANG_WARN_DEPRECATED_OBJC_IMPLEMENTATIONS = YES;
				CLANG_WARN_DIRECT_OBJC_ISA_USAGE = YES_ERROR;
				CLANG_WARN_DOCUMENTATION_COMMENTS = YES;
				CLANG_WARN_EMPTY_BODY = YES;
				CLANG_WARN_ENUM_CONVERSION = YES;
				CLANG_WARN_INFINITE_RECURSION = YES;
				CLANG_WARN_INT_CONVERSION = YES;
				CLANG_WARN_NON_LITERAL_NULL_CONVERSION = YES;
				CLANG_WARN_OBJC_IMPLICIT_RETAIN_SELF = YES;
				CLANG_WARN_OBJC_LITERAL_CONVERSION = YES;
				CLANG_WARN_OBJC_ROOT_CLASS = YES_ERROR;
				CLANG_WARN_QUOTED_INCLUDE_IN_FRAMEWORK_HEADER = YES;
				CLANG_WARN_RANGE_LOOP_ANALYSIS = YES;
				CLANG_WARN_STRICT_PROTOTYPES = YES;
				CLANG_WARN_SUSPICIOUS_MOVE = YES;
				CLANG_WARN_UNGUARDED_AVAILABILITY = YES_AGGRESSIVE;
				CLANG_WARN_UNREACHABLE_CODE = YES;
				CLANG_WARN__DUPLICATE_METHOD_MATCH = YES;
				COPY_PHASE_STRIP = NO;
				DEBUG_INFORMATION_FORMAT = "dwarf-with-dsym";
				ENABLE_NS_ASSERTIONS = NO;
				ENABLE_STRICT_OBJC_MSGSEND = YES;
				ENABLE_USER_SCRIPT_SANDBOXING = YES;
				GCC_C_LANGUAGE_STANDARD = gnu17;
				GCC_NO_COMMON_BLOCKS = YES;
				GCC_WARN_64_TO_32_BIT_CONVERSION = YES;
				GCC_WARN_ABOUT_RETURN_TYPE = YES_ERROR;
				GCC_WARN_UNDECLARED_SELECTOR = YES;
				GCC_WARN_UNINITIALIZED_AUTOS = YES_AGGRESSIVE;
				GCC_WARN_UNUSED_FUNCTION = YES;
				GCC_WARN_UNUSED_VARIABLE = YES;
				IPHONEOS_DEPLOYMENT_TARGET = 17.4;
				LOCALIZATION_PREFERS_STRING_CATALOGS = YES;
				MTL_ENABLE_DEBUG_INFO = NO;
				MTL_FAST_MATH = YES;
				SDKROOT = iphoneos;
				SWIFT_COMPILATION_MODE = wholemodule;
				VALIDATE_PRODUCT = YES;
			};
			name = Release;
		};
		487663E02BBA0F3000EA0EC6 /* Debug */ = {
			isa = XCBuildConfiguration;
			buildSettings = {
				ASSETCATALOG_COMPILER_APPICON_NAME = AppIcon;
				ASSETCATALOG_COMPILER_GLOBAL_ACCENT_COLOR_NAME = AccentColor;
				CODE_SIGN_STYLE = Automatic;
				CURRENT_PROJECT_VERSION = 1;
				GENERATE_INFOPLIST_FILE = YES;
				INFOPLIST_FILE = TicTacToe/Info.plist;
				INFOPLIST_KEY_UIApplicationSupportsIndirectInputEvents = YES;
				INFOPLIST_KEY_UILaunchStoryboardName = LaunchScreen;
				INFOPLIST_KEY_UIMainStoryboardFile = Main;
				INFOPLIST_KEY_UISupportedInterfaceOrientations_iPad = "UIInterfaceOrientationPortrait UIInterfaceOrientationPortraitUpsideDown UIInterfaceOrientationLandscapeLeft UIInterfaceOrientationLandscapeRight";
				INFOPLIST_KEY_UISupportedInterfaceOrientations_iPhone = "UIInterfaceOrientationPortrait UIInterfaceOrientationLandscapeLeft UIInterfaceOrientationLandscapeRight";
				LD_RUNPATH_SEARCH_PATHS = (
					"$(inherited)",
					"@executable_path/Frameworks",
				);
				MARKETING_VERSION = 1.0;
				PRODUCT_BUNDLE_IDENTIFIER = com.jessRob.TicTacToe;
				PRODUCT_NAME = "$(TARGET_NAME)";
				SWIFT_EMIT_LOC_STRINGS = YES;
				SWIFT_VERSION = 5.0;
				TARGETED_DEVICE_FAMILY = "1,2";
			};
			name = Debug;
		};
		487663E12BBA0F3000EA0EC6 /* Release */ = {
			isa = XCBuildConfiguration;
			buildSettings = {
				ASSETCATALOG_COMPILER_APPICON_NAME = AppIcon;
				ASSETCATALOG_COMPILER_GLOBAL_ACCENT_COLOR_NAME = AccentColor;
				CODE_SIGN_STYLE = Automatic;
				CURRENT_PROJECT_VERSION = 1;
				GENERATE_INFOPLIST_FILE = YES;
				INFOPLIST_FILE = TicTacToe/Info.plist;
				INFOPLIST_KEY_UIApplicationSupportsIndirectInputEvents = YES;
				INFOPLIST_KEY_UILaunchStoryboardName = LaunchScreen;
				INFOPLIST_KEY_UIMainStoryboardFile = Main;
				INFOPLIST_KEY_UISupportedInterfaceOrientations_iPad = "UIInterfaceOrientationPortrait UIInterfaceOrientationPortraitUpsideDown UIInterfaceOrientationLandscapeLeft UIInterfaceOrientationLandscapeRight";
				INFOPLIST_KEY_UISupportedInterfaceOrientations_iPhone = "UIInterfaceOrientationPortrait UIInterfaceOrientationLandscapeLeft UIInterfaceOrientationLandscapeRight";
				LD_RUNPATH_SEARCH_PATHS = (
					"$(inherited)",
					"@executable_path/Frameworks",
				);
				MARKETING_VERSION = 1.0;
				PRODUCT_BUNDLE_IDENTIFIER = com.jessRob.TicTacToe;
				PRODUCT_NAME = "$(TARGET_NAME)";
				SWIFT_EMIT_LOC_STRINGS = YES;
				SWIFT_VERSION = 5.0;
				TARGETED_DEVICE_FAMILY = "1,2";
			};
			name = Release;
		};
		487663E32BBA0F3000EA0EC6 /* Debug */ = {
			isa = XCBuildConfiguration;
			buildSettings = {
				ALWAYS_EMBED_SWIFT_STANDARD_LIBRARIES = YES;
				BUNDLE_LOADER = "$(TEST_HOST)";
				CODE_SIGN_STYLE = Automatic;
				CURRENT_PROJECT_VERSION = 1;
				GENERATE_INFOPLIST_FILE = YES;
				IPHONEOS_DEPLOYMENT_TARGET = 17.4;
				MARKETING_VERSION = 1.0;
				PRODUCT_BUNDLE_IDENTIFIER = com.jessRob.TicTacToeTests;
				PRODUCT_NAME = "$(TARGET_NAME)";
				SWIFT_EMIT_LOC_STRINGS = NO;
				SWIFT_VERSION = 5.0;
				TARGETED_DEVICE_FAMILY = "1,2";
				TEST_HOST = "$(BUILT_PRODUCTS_DIR)/TicTacToe.app/$(BUNDLE_EXECUTABLE_FOLDER_PATH)/TicTacToe";
			};
			name = Debug;
		};
		487663E42BBA0F3000EA0EC6 /* Release */ = {
			isa = XCBuildConfiguration;
			buildSettings = {
				ALWAYS_EMBED_SWIFT_STANDARD_LIBRARIES = YES;
				BUNDLE_LOADER = "$(TEST_HOST)";
				CODE_SIGN_STYLE = Automatic;
				CURRENT_PROJECT_VERSION = 1;
				GENERATE_INFOPLIST_FILE = YES;
				IPHONEOS_DEPLOYMENT_TARGET = 17.4;
				MARKETING_VERSION = 1.0;
				PRODUCT_BUNDLE_IDENTIFIER = com.jessRob.TicTacToeTests;
				PRODUCT_NAME = "$(TARGET_NAME)";
				SWIFT_EMIT_LOC_STRINGS = NO;
				SWIFT_VERSION = 5.0;
				TARGETED_DEVICE_FAMILY = "1,2";
				TEST_HOST = "$(BUILT_PRODUCTS_DIR)/TicTacToe.app/$(BUNDLE_EXECUTABLE_FOLDER_PATH)/TicTacToe";
			};
			name = Release;
		};
		487663E62BBA0F3000EA0EC6 /* Debug */ = {
			isa = XCBuildConfiguration;
			buildSettings = {
				ALWAYS_EMBED_SWIFT_STANDARD_LIBRARIES = YES;
				CODE_SIGN_STYLE = Automatic;
				CURRENT_PROJECT_VERSION = 1;
				GENERATE_INFOPLIST_FILE = YES;
				MARKETING_VERSION = 1.0;
				PRODUCT_BUNDLE_IDENTIFIER = com.jessRob.TicTacToeUITests;
				PRODUCT_NAME = "$(TARGET_NAME)";
				SWIFT_EMIT_LOC_STRINGS = NO;
				SWIFT_VERSION = 5.0;
				TARGETED_DEVICE_FAMILY = "1,2";
				TEST_TARGET_NAME = TicTacToe;
			};
			name = Debug;
		};
		487663E72BBA0F3000EA0EC6 /* Release */ = {
			isa = XCBuildConfiguration;
			buildSettings = {
				ALWAYS_EMBED_SWIFT_STANDARD_LIBRARIES = YES;
				CODE_SIGN_STYLE = Automatic;
				CURRENT_PROJECT_VERSION = 1;
				GENERATE_INFOPLIST_FILE = YES;
				MARKETING_VERSION = 1.0;
				PRODUCT_BUNDLE_IDENTIFIER = com.jessRob.TicTacToeUITests;
				PRODUCT_NAME = "$(TARGET_NAME)";
				SWIFT_EMIT_LOC_STRINGS = NO;
				SWIFT_VERSION = 5.0;
				TARGETED_DEVICE_FAMILY = "1,2";
				TEST_TARGET_NAME = TicTacToe;
			};
			name = Release;
		};
/* End XCBuildConfiguration section */

/* Begin XCConfigurationList section */
		487663B02BBA0F2E00EA0EC6 /* Build configuration list for PBXProject "TicTacToe" */ = {
			isa = XCConfigurationList;
			buildConfigurations = (
				487663DD2BBA0F3000EA0EC6 /* Debug */,
				487663DE2BBA0F3000EA0EC6 /* Release */,
			);
			defaultConfigurationIsVisible = 0;
			defaultConfigurationName = Release;
		};
		487663DF2BBA0F3000EA0EC6 /* Build configuration list for PBXNativeTarget "TicTacToe" */ = {
			isa = XCConfigurationList;
			buildConfigurations = (
				487663E02BBA0F3000EA0EC6 /* Debug */,
				487663E12BBA0F3000EA0EC6 /* Release */,
			);
			defaultConfigurationIsVisible = 0;
			defaultConfigurationName = Release;
		};
		487663E22BBA0F3000EA0EC6 /* Build configuration list for PBXNativeTarget "TicTacToeTests" */ = {
			isa = XCConfigurationList;
			buildConfigurations = (
				487663E32BBA0F3000EA0EC6 /* Debug */,
				487663E42BBA0F3000EA0EC6 /* Release */,
			);
			defaultConfigurationIsVisible = 0;
			defaultConfigurationName = Release;
		};
		487663E52BBA0F3000EA0EC6 /* Build configuration list for PBXNativeTarget "TicTacToeUITests" */ = {
			isa = XCConfigurationList;
			buildConfigurations = (
				487663E62BBA0F3000EA0EC6 /* Debug */,
				487663E72BBA0F3000EA0EC6 /* Release */,
			);
			defaultConfigurationIsVisible = 0;
			defaultConfigurationName = Release;
		};
/* End XCConfigurationList section */
	};
	rootObject = 487663AD2BBA0F2E00EA0EC6 /* Project object */;
}
